// !$*UTF8*$!
{
	archiveVersion = 1;
	classes = {
	};
	objectVersion = 56;
	objects = {

/* Begin PBXBuildFile section */
		685FDF92449A3920B03154D9 /* Pods_Moment.framework in Frameworks */ = {isa = PBXBuildFile; fileRef = 1B21B1E39B6B45544EB2D1EF /* Pods_Moment.framework */; };
		F74376D22AC2E8CA00B1C692 /* LastCardCell.swift in Sources */ = {isa = PBXBuildFile; fileRef = F74376D12AC2E8CA00B1C692 /* LastCardCell.swift */; };
		F74376D62AC43E2700B1C692 /* TextKerning.swift in Sources */ = {isa = PBXBuildFile; fileRef = F74376D52AC43E2700B1C692 /* TextKerning.swift */; };
		F74376D82AC459EF00B1C692 /* CardColors.swift in Sources */ = {isa = PBXBuildFile; fileRef = F74376D72AC459EF00B1C692 /* CardColors.swift */; };
		F74376DB2AC6B77100B1C692 /* PromoCell.swift in Sources */ = {isa = PBXBuildFile; fileRef = F74376DA2AC6B77100B1C692 /* PromoCell.swift */; };
		F75E5E622AE55D05002E54CE /* Alamofire in Frameworks */ = {isa = PBXBuildFile; productRef = F75E5E612AE55D05002E54CE /* Alamofire */; };
		F75E5E652AE6740C002E54CE /* NetworkServiceWithAlamofire.swift in Sources */ = {isa = PBXBuildFile; fileRef = F75E5E642AE6740C002E54CE /* NetworkServiceWithAlamofire.swift */; };
		F75E5E7A2AE67AFD002E54CE /* RswiftLibrary in Frameworks */ = {isa = PBXBuildFile; productRef = F75E5E792AE67AFD002E54CE /* RswiftLibrary */; };
		F75E5E7C2AE67AFD002E54CE /* rswift in Frameworks */ = {isa = PBXBuildFile; productRef = F75E5E7B2AE67AFD002E54CE /* rswift */; };
		F75E5E7F2AE67B4A002E54CE /* RswiftLibrary in Frameworks */ = {isa = PBXBuildFile; productRef = F75E5E7E2AE67B4A002E54CE /* RswiftLibrary */; };
		F75E5E812AE67B4A002E54CE /* rswift in Frameworks */ = {isa = PBXBuildFile; productRef = F75E5E802AE67B4A002E54CE /* rswift */; };
		F7B18E3B2ABEE91600EBD346 /* AppDelegate.swift in Sources */ = {isa = PBXBuildFile; fileRef = F7B18E3A2ABEE91600EBD346 /* AppDelegate.swift */; };
		F7B18E3D2ABEE91600EBD346 /* SceneDelegate.swift in Sources */ = {isa = PBXBuildFile; fileRef = F7B18E3C2ABEE91600EBD346 /* SceneDelegate.swift */; };
		F7B18E442ABEE91800EBD346 /* Assets.xcassets in Resources */ = {isa = PBXBuildFile; fileRef = F7B18E432ABEE91800EBD346 /* Assets.xcassets */; };
		F7B18E5D2ABF10CA00EBD346 /* CategoriesViewController.swift in Sources */ = {isa = PBXBuildFile; fileRef = F7B18E5C2ABF10CA00EBD346 /* CategoriesViewController.swift */; };
		F7B18E612ABF112B00EBD346 /* CategoriesModel.swift in Sources */ = {isa = PBXBuildFile; fileRef = F7B18E602ABF112B00EBD346 /* CategoriesModel.swift */; };
		F7B18E632ABF11B300EBD346 /* CategoriesView.swift in Sources */ = {isa = PBXBuildFile; fileRef = F7B18E622ABF11B300EBD346 /* CategoriesView.swift */; };
		F7B18E732ABF1AF000EBD346 /* CategoriesCell.swift in Sources */ = {isa = PBXBuildFile; fileRef = F7B18E722ABF1AF000EBD346 /* CategoriesCell.swift */; };
		F7B18E762AC0262400EBD346 /* CardViewController.swift in Sources */ = {isa = PBXBuildFile; fileRef = F7B18E752AC0262400EBD346 /* CardViewController.swift */; };
		F7B18E7D2AC06D1A00EBD346 /* CustomViewController.swift in Sources */ = {isa = PBXBuildFile; fileRef = F7B18E7C2AC06D1A00EBD346 /* CustomViewController.swift */; };
		F7B18E882AC1888A00EBD346 /* SF-Pro-Display-Light.otf in Resources */ = {isa = PBXBuildFile; fileRef = F7B18E872AC1888A00EBD346 /* SF-Pro-Display-Light.otf */; };
		F7B18E8A2AC1892F00EBD346 /* SF-Pro-Display-Ultralight.otf in Resources */ = {isa = PBXBuildFile; fileRef = F7B18E892AC1892F00EBD346 /* SF-Pro-Display-Ultralight.otf */; };
		F7B18E8D2AC189A000EBD346 /* SF-Pro-Display-Regular.otf in Resources */ = {isa = PBXBuildFile; fileRef = F7B18E8C2AC189A000EBD346 /* SF-Pro-Display-Regular.otf */; };
		F7B18E932AC1953C00EBD346 /* SettingsView.swift in Sources */ = {isa = PBXBuildFile; fileRef = F7B18E922AC1953C00EBD346 /* SettingsView.swift */; };
		F7B18E962AC1954B00EBD346 /* SettingsViewController.swift in Sources */ = {isa = PBXBuildFile; fileRef = F7B18E952AC1954B00EBD346 /* SettingsViewController.swift */; };
		F7B18E992AC1987000EBD346 /* SettingsModel.swift in Sources */ = {isa = PBXBuildFile; fileRef = F7B18E982AC1987000EBD346 /* SettingsModel.swift */; };
		F7B18E9B2AC19B5300EBD346 /* CustomButton.swift in Sources */ = {isa = PBXBuildFile; fileRef = F7B18E9A2AC19B5300EBD346 /* CustomButton.swift */; };
		F7B18E9F2AC1B60E00EBD346 /* SettingsCell.swift in Sources */ = {isa = PBXBuildFile; fileRef = F7B18E9E2AC1B60E00EBD346 /* SettingsCell.swift */; };
		F7B18EA42AC1CBE100EBD346 /* CardCell.swift in Sources */ = {isa = PBXBuildFile; fileRef = F7B18EA32AC1CBE100EBD346 /* CardCell.swift */; };
		F7B18EA82AC1CDA000EBD346 /* QuestionModel.swift in Sources */ = {isa = PBXBuildFile; fileRef = F7B18EA72AC1CDA000EBD346 /* QuestionModel.swift */; };
		F7B18EB12AC1E70C00EBD346 /* AccessViewController.swift in Sources */ = {isa = PBXBuildFile; fileRef = F7B18EB02AC1E70C00EBD346 /* AccessViewController.swift */; };
		F7B18EB42AC1E71D00EBD346 /* AccessView.swift in Sources */ = {isa = PBXBuildFile; fileRef = F7B18EB32AC1E71D00EBD346 /* AccessView.swift */; };
		F7B18EB72AC1F4B100EBD346 /* CustomFeatureLabel.swift in Sources */ = {isa = PBXBuildFile; fileRef = F7B18EB62AC1F4B100EBD346 /* CustomFeatureLabel.swift */; };
		F7B18EB92AC1F97300EBD346 /* CustomSubscriptionButton.swift in Sources */ = {isa = PBXBuildFile; fileRef = F7B18EB82AC1F97300EBD346 /* CustomSubscriptionButton.swift */; };
		F7C262672AE9288A004C3E2C /* UIViewExtensions.swift in Sources */ = {isa = PBXBuildFile; fileRef = F7C262662AE9288A004C3E2C /* UIViewExtensions.swift */; };
		F7C262702AE96975004C3E2C /* Products.storekit in Resources */ = {isa = PBXBuildFile; fileRef = F7C2626F2AE96975004C3E2C /* Products.storekit */; };
		F7FB37C62AC9741D005C9535 /* SettingsFooterView.swift in Sources */ = {isa = PBXBuildFile; fileRef = F7FB37C52AC9741D005C9535 /* SettingsFooterView.swift */; };
/* End PBXBuildFile section */

/* Begin PBXFileReference section */
		1B21B1E39B6B45544EB2D1EF /* Pods_Moment.framework */ = {isa = PBXFileReference; explicitFileType = wrapper.framework; includeInIndex = 0; path = Pods_Moment.framework; sourceTree = BUILT_PRODUCTS_DIR; };
		4FB8A11860FA646BDCC86403 /* Pods-Moment.debug.xcconfig */ = {isa = PBXFileReference; includeInIndex = 1; lastKnownFileType = text.xcconfig; name = "Pods-Moment.debug.xcconfig"; path = "Target Support Files/Pods-Moment/Pods-Moment.debug.xcconfig"; sourceTree = "<group>"; };
		6763A88A5C85516183F3E500 /* Pods-Moment.release.xcconfig */ = {isa = PBXFileReference; includeInIndex = 1; lastKnownFileType = text.xcconfig; name = "Pods-Moment.release.xcconfig"; path = "Target Support Files/Pods-Moment/Pods-Moment.release.xcconfig"; sourceTree = "<group>"; };
		F74376D12AC2E8CA00B1C692 /* LastCardCell.swift */ = {isa = PBXFileReference; lastKnownFileType = sourcecode.swift; path = LastCardCell.swift; sourceTree = "<group>"; };
		F74376D52AC43E2700B1C692 /* TextKerning.swift */ = {isa = PBXFileReference; lastKnownFileType = sourcecode.swift; path = TextKerning.swift; sourceTree = "<group>"; };
		F74376D72AC459EF00B1C692 /* CardColors.swift */ = {isa = PBXFileReference; lastKnownFileType = sourcecode.swift; path = CardColors.swift; sourceTree = "<group>"; };
		F74376DA2AC6B77100B1C692 /* PromoCell.swift */ = {isa = PBXFileReference; lastKnownFileType = sourcecode.swift; path = PromoCell.swift; sourceTree = "<group>"; };
		F75E5E642AE6740C002E54CE /* NetworkServiceWithAlamofire.swift */ = {isa = PBXFileReference; lastKnownFileType = sourcecode.swift; path = NetworkServiceWithAlamofire.swift; sourceTree = "<group>"; };
		F7B18E372ABEE91600EBD346 /* Moment.app */ = {isa = PBXFileReference; explicitFileType = wrapper.application; includeInIndex = 0; path = Moment.app; sourceTree = BUILT_PRODUCTS_DIR; };
		F7B18E3A2ABEE91600EBD346 /* AppDelegate.swift */ = {isa = PBXFileReference; lastKnownFileType = sourcecode.swift; path = AppDelegate.swift; sourceTree = "<group>"; };
		F7B18E3C2ABEE91600EBD346 /* SceneDelegate.swift */ = {isa = PBXFileReference; lastKnownFileType = sourcecode.swift; path = SceneDelegate.swift; sourceTree = "<group>"; };
		F7B18E432ABEE91800EBD346 /* Assets.xcassets */ = {isa = PBXFileReference; lastKnownFileType = folder.assetcatalog; path = Assets.xcassets; sourceTree = "<group>"; };
		F7B18E482ABEE91800EBD346 /* Info.plist */ = {isa = PBXFileReference; lastKnownFileType = text.plist.xml; path = Info.plist; sourceTree = "<group>"; };
		F7B18E5C2ABF10CA00EBD346 /* CategoriesViewController.swift */ = {isa = PBXFileReference; lastKnownFileType = sourcecode.swift; path = CategoriesViewController.swift; sourceTree = "<group>"; };
		F7B18E602ABF112B00EBD346 /* CategoriesModel.swift */ = {isa = PBXFileReference; lastKnownFileType = sourcecode.swift; path = CategoriesModel.swift; sourceTree = "<group>"; };
		F7B18E622ABF11B300EBD346 /* CategoriesView.swift */ = {isa = PBXFileReference; lastKnownFileType = sourcecode.swift; path = CategoriesView.swift; sourceTree = "<group>"; };
		F7B18E722ABF1AF000EBD346 /* CategoriesCell.swift */ = {isa = PBXFileReference; lastKnownFileType = sourcecode.swift; path = CategoriesCell.swift; sourceTree = "<group>"; };
		F7B18E752AC0262400EBD346 /* CardViewController.swift */ = {isa = PBXFileReference; lastKnownFileType = sourcecode.swift; path = CardViewController.swift; sourceTree = "<group>"; };
		F7B18E7C2AC06D1A00EBD346 /* CustomViewController.swift */ = {isa = PBXFileReference; lastKnownFileType = sourcecode.swift; path = CustomViewController.swift; sourceTree = "<group>"; };
		F7B18E872AC1888A00EBD346 /* SF-Pro-Display-Light.otf */ = {isa = PBXFileReference; lastKnownFileType = file; path = "SF-Pro-Display-Light.otf"; sourceTree = "<group>"; };
		F7B18E892AC1892F00EBD346 /* SF-Pro-Display-Ultralight.otf */ = {isa = PBXFileReference; lastKnownFileType = file; path = "SF-Pro-Display-Ultralight.otf"; sourceTree = "<group>"; };
		F7B18E8C2AC189A000EBD346 /* SF-Pro-Display-Regular.otf */ = {isa = PBXFileReference; lastKnownFileType = file; path = "SF-Pro-Display-Regular.otf"; sourceTree = "<group>"; };
		F7B18E922AC1953C00EBD346 /* SettingsView.swift */ = {isa = PBXFileReference; lastKnownFileType = sourcecode.swift; path = SettingsView.swift; sourceTree = "<group>"; };
		F7B18E952AC1954B00EBD346 /* SettingsViewController.swift */ = {isa = PBXFileReference; lastKnownFileType = sourcecode.swift; path = SettingsViewController.swift; sourceTree = "<group>"; };
		F7B18E982AC1987000EBD346 /* SettingsModel.swift */ = {isa = PBXFileReference; lastKnownFileType = sourcecode.swift; path = SettingsModel.swift; sourceTree = "<group>"; };
		F7B18E9A2AC19B5300EBD346 /* CustomButton.swift */ = {isa = PBXFileReference; lastKnownFileType = sourcecode.swift; path = CustomButton.swift; sourceTree = "<group>"; };
		F7B18E9E2AC1B60E00EBD346 /* SettingsCell.swift */ = {isa = PBXFileReference; lastKnownFileType = sourcecode.swift; path = SettingsCell.swift; sourceTree = "<group>"; };
		F7B18EA32AC1CBE100EBD346 /* CardCell.swift */ = {isa = PBXFileReference; lastKnownFileType = sourcecode.swift; path = CardCell.swift; sourceTree = "<group>"; };
		F7B18EA72AC1CDA000EBD346 /* QuestionModel.swift */ = {isa = PBXFileReference; lastKnownFileType = sourcecode.swift; path = QuestionModel.swift; sourceTree = "<group>"; };
		F7B18EB02AC1E70C00EBD346 /* AccessViewController.swift */ = {isa = PBXFileReference; lastKnownFileType = sourcecode.swift; path = AccessViewController.swift; sourceTree = "<group>"; };
		F7B18EB32AC1E71D00EBD346 /* AccessView.swift */ = {isa = PBXFileReference; lastKnownFileType = sourcecode.swift; path = AccessView.swift; sourceTree = "<group>"; };
		F7B18EB62AC1F4B100EBD346 /* CustomFeatureLabel.swift */ = {isa = PBXFileReference; lastKnownFileType = sourcecode.swift; path = CustomFeatureLabel.swift; sourceTree = "<group>"; };
		F7B18EB82AC1F97300EBD346 /* CustomSubscriptionButton.swift */ = {isa = PBXFileReference; lastKnownFileType = sourcecode.swift; path = CustomSubscriptionButton.swift; sourceTree = "<group>"; };
		F7C262662AE9288A004C3E2C /* UIViewExtensions.swift */ = {isa = PBXFileReference; lastKnownFileType = sourcecode.swift; path = UIViewExtensions.swift; sourceTree = "<group>"; };
		F7C2626F2AE96975004C3E2C /* Products.storekit */ = {isa = PBXFileReference; lastKnownFileType = text; path = Products.storekit; sourceTree = "<group>"; };
		F7FB37C52AC9741D005C9535 /* SettingsFooterView.swift */ = {isa = PBXFileReference; lastKnownFileType = sourcecode.swift; path = SettingsFooterView.swift; sourceTree = "<group>"; };
/* End PBXFileReference section */

/* Begin PBXFrameworksBuildPhase section */
		F7B18E342ABEE91600EBD346 /* Frameworks */ = {
			isa = PBXFrameworksBuildPhase;
			buildActionMask = 2147483647;
			files = (
				F75E5E7F2AE67B4A002E54CE /* RswiftLibrary in Frameworks */,
				F75E5E622AE55D05002E54CE /* Alamofire in Frameworks */,
				F75E5E7C2AE67AFD002E54CE /* rswift in Frameworks */,
				685FDF92449A3920B03154D9 /* Pods_Moment.framework in Frameworks */,
				F75E5E7A2AE67AFD002E54CE /* RswiftLibrary in Frameworks */,
				F75E5E812AE67B4A002E54CE /* rswift in Frameworks */,
			);
			runOnlyForDeploymentPostprocessing = 0;
		};
/* End PBXFrameworksBuildPhase section */

/* Begin PBXGroup section */
		95576D167C09756748C384F7 /* Frameworks */ = {
			isa = PBXGroup;
			children = (
				1B21B1E39B6B45544EB2D1EF /* Pods_Moment.framework */,
			);
			name = Frameworks;
			sourceTree = "<group>";
		};
		D7416329CE99F48835081147 /* Pods */ = {
			isa = PBXGroup;
			children = (
				4FB8A11860FA646BDCC86403 /* Pods-Moment.debug.xcconfig */,
				6763A88A5C85516183F3E500 /* Pods-Moment.release.xcconfig */,
			);
			path = Pods;
			sourceTree = "<group>";
		};
		F75E5E632AE55E0D002E54CE /* Services */ = {
			isa = PBXGroup;
			children = (
				F7C2626A2AE9656A004C3E2C /* StoreKit */,
				F75E5E872AE692D1002E54CE /* Network */,
			);
			path = Services;
			sourceTree = "<group>";
		};
		F75E5E872AE692D1002E54CE /* Network */ = {
			isa = PBXGroup;
			children = (
				F75E5E642AE6740C002E54CE /* NetworkServiceWithAlamofire.swift */,
			);
			path = Network;
			sourceTree = "<group>";
		};
		F7B18E2E2ABEE91600EBD346 = {
			isa = PBXGroup;
			children = (
				F7B18E392ABEE91600EBD346 /* Moment */,
				F7B18E382ABEE91600EBD346 /* Products */,
				D7416329CE99F48835081147 /* Pods */,
				95576D167C09756748C384F7 /* Frameworks */,
			);
			sourceTree = "<group>";
		};
		F7B18E382ABEE91600EBD346 /* Products */ = {
			isa = PBXGroup;
			children = (
				F7B18E372ABEE91600EBD346 /* Moment.app */,
			);
			name = Products;
			sourceTree = "<group>";
		};
		F7B18E392ABEE91600EBD346 /* Moment */ = {
			isa = PBXGroup;
			children = (
				F75E5E632AE55E0D002E54CE /* Services */,
				F7B18E552ABEEB8200EBD346 /* Application */,
				F7B18E592ABF10A100EBD346 /* Screens */,
				F7B18E562ABEEB9100EBD346 /* Resources */,
				F7B18E852AC1881400EBD346 /* Fonts */,
				F7B18E7B2AC06D0400EBD346 /* Base */,
			);
			path = Moment;
			sourceTree = "<group>";
		};
		F7B18E552ABEEB8200EBD346 /* Application */ = {
			isa = PBXGroup;
			children = (
				F7B18E3A2ABEE91600EBD346 /* AppDelegate.swift */,
				F7B18E3C2ABEE91600EBD346 /* SceneDelegate.swift */,
			);
			path = Application;
			sourceTree = "<group>";
		};
		F7B18E562ABEEB9100EBD346 /* Resources */ = {
			isa = PBXGroup;
			children = (
				F7B18E432ABEE91800EBD346 /* Assets.xcassets */,
				F7B18E482ABEE91800EBD346 /* Info.plist */,
			);
			path = Resources;
			sourceTree = "<group>";
		};
		F7B18E592ABF10A100EBD346 /* Screens */ = {
			isa = PBXGroup;
			children = (
				F7B18EAB2AC1E6D000EBD346 /* AccessScreen */,
				F7B18E5B2ABF10B000EBD346 /* CategoriesScreen */,
				F7B18E742AC0260E00EBD346 /* CardScreen */,
				F7B18E902AC1952900EBD346 /* SettingsScreen */,
			);
			path = Screens;
			sourceTree = "<group>";
		};
		F7B18E5B2ABF10B000EBD346 /* CategoriesScreen */ = {
			isa = PBXGroup;
			children = (
				F7B18E5E2ABF111C00EBD346 /* View */,
				F7B18E5F2ABF112000EBD346 /* Model */,
			);
			path = CategoriesScreen;
			sourceTree = "<group>";
		};
		F7B18E5E2ABF111C00EBD346 /* View */ = {
			isa = PBXGroup;
			children = (
				F7B18E5C2ABF10CA00EBD346 /* CategoriesViewController.swift */,
				F7B18E622ABF11B300EBD346 /* CategoriesView.swift */,
				F7B18E722ABF1AF000EBD346 /* CategoriesCell.swift */,
			);
			path = View;
			sourceTree = "<group>";
		};
		F7B18E5F2ABF112000EBD346 /* Model */ = {
			isa = PBXGroup;
			children = (
				F7B18E602ABF112B00EBD346 /* CategoriesModel.swift */,
			);
			path = Model;
			sourceTree = "<group>";
		};
		F7B18E742AC0260E00EBD346 /* CardScreen */ = {
			isa = PBXGroup;
			children = (
				F7B18EA92AC1CDC500EBD346 /* View */,
				F7B18EA62AC1CD9600EBD346 /* Model */,
			);
			path = CardScreen;
			sourceTree = "<group>";
		};
		F7B18E7B2AC06D0400EBD346 /* Base */ = {
			isa = PBXGroup;
			children = (
				F7B18E7C2AC06D1A00EBD346 /* CustomViewController.swift */,
				F7B18E9A2AC19B5300EBD346 /* CustomButton.swift */,
				F7B18EB62AC1F4B100EBD346 /* CustomFeatureLabel.swift */,
				F7B18EB82AC1F97300EBD346 /* CustomSubscriptionButton.swift */,
				F74376D52AC43E2700B1C692 /* TextKerning.swift */,
				F7C262662AE9288A004C3E2C /* UIViewExtensions.swift */,
			);
			path = Base;
			sourceTree = "<group>";
		};
		F7B18E852AC1881400EBD346 /* Fonts */ = {
			isa = PBXGroup;
			children = (
				F7B18E872AC1888A00EBD346 /* SF-Pro-Display-Light.otf */,
				F7B18E8C2AC189A000EBD346 /* SF-Pro-Display-Regular.otf */,
				F7B18E892AC1892F00EBD346 /* SF-Pro-Display-Ultralight.otf */,
			);
			path = Fonts;
			sourceTree = "<group>";
		};
		F7B18E902AC1952900EBD346 /* SettingsScreen */ = {
			isa = PBXGroup;
			children = (
				F7B18E942AC1953E00EBD346 /* View */,
				F7B18E972AC1986500EBD346 /* Model */,
			);
			path = SettingsScreen;
			sourceTree = "<group>";
		};
		F7B18E942AC1953E00EBD346 /* View */ = {
			isa = PBXGroup;
			children = (
				F7C262722AE9A119004C3E2C /* Cells */,
				F7B18E922AC1953C00EBD346 /* SettingsView.swift */,
				F7B18E952AC1954B00EBD346 /* SettingsViewController.swift */,
				F7FB37C52AC9741D005C9535 /* SettingsFooterView.swift */,
			);
			path = View;
			sourceTree = "<group>";
		};
		F7B18E972AC1986500EBD346 /* Model */ = {
			isa = PBXGroup;
			children = (
				F7B18E982AC1987000EBD346 /* SettingsModel.swift */,
			);
			path = Model;
			sourceTree = "<group>";
		};
		F7B18EA62AC1CD9600EBD346 /* Model */ = {
			isa = PBXGroup;
			children = (
				F7B18EA72AC1CDA000EBD346 /* QuestionModel.swift */,
				F74376D72AC459EF00B1C692 /* CardColors.swift */,
			);
			path = Model;
			sourceTree = "<group>";
		};
		F7B18EA92AC1CDC500EBD346 /* View */ = {
			isa = PBXGroup;
			children = (
				F7C262742AE9A130004C3E2C /* Cells */,
				F7B18E752AC0262400EBD346 /* CardViewController.swift */,
			);
			path = View;
			sourceTree = "<group>";
		};
		F7B18EAB2AC1E6D000EBD346 /* AccessScreen */ = {
			isa = PBXGroup;
			children = (
				F7B18EAD2AC1E6DB00EBD346 /* View */,
				F7B18EAF2AC1E6FA00EBD346 /* Model */,
			);
			path = AccessScreen;
			sourceTree = "<group>";
		};
		F7B18EAD2AC1E6DB00EBD346 /* View */ = {
			isa = PBXGroup;
			children = (
				F7B18EB02AC1E70C00EBD346 /* AccessViewController.swift */,
				F7B18EB32AC1E71D00EBD346 /* AccessView.swift */,
			);
			path = View;
			sourceTree = "<group>";
		};
		F7B18EAF2AC1E6FA00EBD346 /* Model */ = {
			isa = PBXGroup;
			children = (
			);
			path = Model;
			sourceTree = "<group>";
		};
		F7C2626A2AE9656A004C3E2C /* StoreKit */ = {
			isa = PBXGroup;
			children = (
				F7C2626F2AE96975004C3E2C /* Products.storekit */,
			);
			path = StoreKit;
			sourceTree = "<group>";
		};
		F7C262722AE9A119004C3E2C /* Cells */ = {
			isa = PBXGroup;
			children = (
				F7B18E9E2AC1B60E00EBD346 /* SettingsCell.swift */,
				F74376DA2AC6B77100B1C692 /* PromoCell.swift */,
			);
			path = Cells;
			sourceTree = "<group>";
		};
		F7C262742AE9A130004C3E2C /* Cells */ = {
			isa = PBXGroup;
			children = (
				F7B18EA32AC1CBE100EBD346 /* CardCell.swift */,
				F74376D12AC2E8CA00B1C692 /* LastCardCell.swift */,
			);
			path = Cells;
			sourceTree = "<group>";
		};
/* End PBXGroup section */

/* Begin PBXNativeTarget section */
		F7B18E362ABEE91600EBD346 /* Moment */ = {
			isa = PBXNativeTarget;
			buildConfigurationList = F7B18E4B2ABEE91800EBD346 /* Build configuration list for PBXNativeTarget "Moment" */;
			buildPhases = (
				765C3FE935F2BE968ECEA6FF /* [CP] Check Pods Manifest.lock */,
				F7B18E332ABEE91600EBD346 /* Sources */,
				F7B18E342ABEE91600EBD346 /* Frameworks */,
				F7B18E352ABEE91600EBD346 /* Resources */,
				78851B614FF55FAF1F258799 /* [CP] Embed Pods Frameworks */,
			);
			buildRules = (
			);
			dependencies = (
				F75E5E842AE67BA7002E54CE /* PBXTargetDependency */,
			);
			name = Moment;
			packageProductDependencies = (
				F75E5E612AE55D05002E54CE /* Alamofire */,
				F75E5E792AE67AFD002E54CE /* RswiftLibrary */,
				F75E5E7B2AE67AFD002E54CE /* rswift */,
				F75E5E7E2AE67B4A002E54CE /* RswiftLibrary */,
				F75E5E802AE67B4A002E54CE /* rswift */,
			);
			productName = Moment;
			productReference = F7B18E372ABEE91600EBD346 /* Moment.app */;
			productType = "com.apple.product-type.application";
		};
/* End PBXNativeTarget section */

/* Begin PBXProject section */
		F7B18E2F2ABEE91600EBD346 /* Project object */ = {
			isa = PBXProject;
			attributes = {
				BuildIndependentTargetsInParallel = 1;
				LastSwiftUpdateCheck = 1430;
				LastUpgradeCheck = 1430;
				TargetAttributes = {
					F7B18E362ABEE91600EBD346 = {
						CreatedOnToolsVersion = 14.3.1;
					};
				};
			};
			buildConfigurationList = F7B18E322ABEE91600EBD346 /* Build configuration list for PBXProject "Moment" */;
			compatibilityVersion = "Xcode 14.0";
			developmentRegion = en;
			hasScannedForEncodings = 0;
			knownRegions = (
				en,
				Base,
			);
			mainGroup = F7B18E2E2ABEE91600EBD346;
			packageReferences = (
				F75E5E602AE55D05002E54CE /* XCRemoteSwiftPackageReference "Alamofire" */,
				F75E5E782AE67AFD002E54CE /* XCRemoteSwiftPackageReference "R" */,
			);
			productRefGroup = F7B18E382ABEE91600EBD346 /* Products */;
			projectDirPath = "";
			projectRoot = "";
			targets = (
				F7B18E362ABEE91600EBD346 /* Moment */,
			);
		};
/* End PBXProject section */

/* Begin PBXResourcesBuildPhase section */
		F7B18E352ABEE91600EBD346 /* Resources */ = {
			isa = PBXResourcesBuildPhase;
			buildActionMask = 2147483647;
			files = (
				F7B18E8A2AC1892F00EBD346 /* SF-Pro-Display-Ultralight.otf in Resources */,
				F7B18E882AC1888A00EBD346 /* SF-Pro-Display-Light.otf in Resources */,
				F7B18E8D2AC189A000EBD346 /* SF-Pro-Display-Regular.otf in Resources */,
				F7C262702AE96975004C3E2C /* Products.storekit in Resources */,
				F7B18E442ABEE91800EBD346 /* Assets.xcassets in Resources */,
			);
			runOnlyForDeploymentPostprocessing = 0;
		};
/* End PBXResourcesBuildPhase section */

/* Begin PBXShellScriptBuildPhase section */
		765C3FE935F2BE968ECEA6FF /* [CP] Check Pods Manifest.lock */ = {
			isa = PBXShellScriptBuildPhase;
			buildActionMask = 2147483647;
			files = (
			);
			inputFileListPaths = (
			);
			inputPaths = (
				"${PODS_PODFILE_DIR_PATH}/Podfile.lock",
				"${PODS_ROOT}/Manifest.lock",
			);
			name = "[CP] Check Pods Manifest.lock";
			outputFileListPaths = (
			);
			outputPaths = (
				"$(DERIVED_FILE_DIR)/Pods-Moment-checkManifestLockResult.txt",
			);
			runOnlyForDeploymentPostprocessing = 0;
			shellPath = /bin/sh;
			shellScript = "diff \"${PODS_PODFILE_DIR_PATH}/Podfile.lock\" \"${PODS_ROOT}/Manifest.lock\" > /dev/null\nif [ $? != 0 ] ; then\n    # print error to STDERR\n    echo \"error: The sandbox is not in sync with the Podfile.lock. Run 'pod install' or update your CocoaPods installation.\" >&2\n    exit 1\nfi\n# This output is used by Xcode 'outputs' to avoid re-running this script phase.\necho \"SUCCESS\" > \"${SCRIPT_OUTPUT_FILE_0}\"\n";
			showEnvVarsInLog = 0;
		};
		78851B614FF55FAF1F258799 /* [CP] Embed Pods Frameworks */ = {
			isa = PBXShellScriptBuildPhase;
			buildActionMask = 2147483647;
			files = (
			);
			inputFileListPaths = (
				"${PODS_ROOT}/Target Support Files/Pods-Moment/Pods-Moment-frameworks-${CONFIGURATION}-input-files.xcfilelist",
			);
			name = "[CP] Embed Pods Frameworks";
			outputFileListPaths = (
				"${PODS_ROOT}/Target Support Files/Pods-Moment/Pods-Moment-frameworks-${CONFIGURATION}-output-files.xcfilelist",
			);
			runOnlyForDeploymentPostprocessing = 0;
			shellPath = /bin/sh;
			shellScript = "\"${PODS_ROOT}/Target Support Files/Pods-Moment/Pods-Moment-frameworks.sh\"\n";
			showEnvVarsInLog = 0;
		};
/* End PBXShellScriptBuildPhase section */

/* Begin PBXSourcesBuildPhase section */
		F7B18E332ABEE91600EBD346 /* Sources */ = {
			isa = PBXSourcesBuildPhase;
			buildActionMask = 2147483647;
			files = (
				F7B18E9F2AC1B60E00EBD346 /* SettingsCell.swift in Sources */,
				F74376DB2AC6B77100B1C692 /* PromoCell.swift in Sources */,
				F7B18EA82AC1CDA000EBD346 /* QuestionModel.swift in Sources */,
				F7B18E9B2AC19B5300EBD346 /* CustomButton.swift in Sources */,
				F7B18E992AC1987000EBD346 /* SettingsModel.swift in Sources */,
				F7B18E3B2ABEE91600EBD346 /* AppDelegate.swift in Sources */,
				F7B18EA42AC1CBE100EBD346 /* CardCell.swift in Sources */,
				F7B18E962AC1954B00EBD346 /* SettingsViewController.swift in Sources */,
				F7B18E3D2ABEE91600EBD346 /* SceneDelegate.swift in Sources */,
				F7B18E5D2ABF10CA00EBD346 /* CategoriesViewController.swift in Sources */,
				F7B18EB42AC1E71D00EBD346 /* AccessView.swift in Sources */,
				F7B18E762AC0262400EBD346 /* CardViewController.swift in Sources */,
				F7B18E932AC1953C00EBD346 /* SettingsView.swift in Sources */,
				F7B18EB92AC1F97300EBD346 /* CustomSubscriptionButton.swift in Sources */,
				F7FB37C62AC9741D005C9535 /* SettingsFooterView.swift in Sources */,
				F74376D82AC459EF00B1C692 /* CardColors.swift in Sources */,
				F7C262672AE9288A004C3E2C /* UIViewExtensions.swift in Sources */,
				F7B18E632ABF11B300EBD346 /* CategoriesView.swift in Sources */,
				F7B18EB72AC1F4B100EBD346 /* CustomFeatureLabel.swift in Sources */,
				F74376D62AC43E2700B1C692 /* TextKerning.swift in Sources */,
				F7B18E7D2AC06D1A00EBD346 /* CustomViewController.swift in Sources */,
				F7B18E732ABF1AF000EBD346 /* CategoriesCell.swift in Sources */,
				F7B18EB12AC1E70C00EBD346 /* AccessViewController.swift in Sources */,
				F7B18E612ABF112B00EBD346 /* CategoriesModel.swift in Sources */,
				F74376D22AC2E8CA00B1C692 /* LastCardCell.swift in Sources */,
				F75E5E652AE6740C002E54CE /* NetworkServiceWithAlamofire.swift in Sources */,
			);
			runOnlyForDeploymentPostprocessing = 0;
		};
/* End PBXSourcesBuildPhase section */

/* Begin PBXTargetDependency section */
		F75E5E842AE67BA7002E54CE /* PBXTargetDependency */ = {
			isa = PBXTargetDependency;
			productRef = F75E5E832AE67BA7002E54CE /* RswiftGenerateInternalResources */;
		};
/* End PBXTargetDependency section */

/* Begin XCBuildConfiguration section */
		F7B18E492ABEE91800EBD346 /* Debug */ = {
			isa = XCBuildConfiguration;
			buildSettings = {
				ALWAYS_SEARCH_USER_PATHS = NO;
				CLANG_ANALYZER_NONNULL = YES;
				CLANG_ANALYZER_NUMBER_OBJECT_CONVERSION = YES_AGGRESSIVE;
				CLANG_CXX_LANGUAGE_STANDARD = "gnu++20";
				CLANG_ENABLE_MODULES = YES;
				CLANG_ENABLE_OBJC_ARC = YES;
				CLANG_ENABLE_OBJC_WEAK = YES;
				CLANG_WARN_BLOCK_CAPTURE_AUTORELEASING = YES;
				CLANG_WARN_BOOL_CONVERSION = YES;
				CLANG_WARN_COMMA = YES;
				CLANG_WARN_CONSTANT_CONVERSION = YES;
				CLANG_WARN_DEPRECATED_OBJC_IMPLEMENTATIONS = YES;
				CLANG_WARN_DIRECT_OBJC_ISA_USAGE = YES_ERROR;
				CLANG_WARN_DOCUMENTATION_COMMENTS = YES;
				CLANG_WARN_EMPTY_BODY = YES;
				CLANG_WARN_ENUM_CONVERSION = YES;
				CLANG_WARN_INFINITE_RECURSION = YES;
				CLANG_WARN_INT_CONVERSION = YES;
				CLANG_WARN_NON_LITERAL_NULL_CONVERSION = YES;
				CLANG_WARN_OBJC_IMPLICIT_RETAIN_SELF = YES;
				CLANG_WARN_OBJC_LITERAL_CONVERSION = YES;
				CLANG_WARN_OBJC_ROOT_CLASS = YES_ERROR;
				CLANG_WARN_QUOTED_INCLUDE_IN_FRAMEWORK_HEADER = YES;
				CLANG_WARN_RANGE_LOOP_ANALYSIS = YES;
				CLANG_WARN_STRICT_PROTOTYPES = YES;
				CLANG_WARN_SUSPICIOUS_MOVE = YES;
				CLANG_WARN_UNGUARDED_AVAILABILITY = YES_AGGRESSIVE;
				CLANG_WARN_UNREACHABLE_CODE = YES;
				CLANG_WARN__DUPLICATE_METHOD_MATCH = YES;
				COPY_PHASE_STRIP = NO;
				DEBUG_INFORMATION_FORMAT = dwarf;
				ENABLE_STRICT_OBJC_MSGSEND = YES;
				ENABLE_TESTABILITY = YES;
				GCC_C_LANGUAGE_STANDARD = gnu11;
				GCC_DYNAMIC_NO_PIC = NO;
				GCC_NO_COMMON_BLOCKS = YES;
				GCC_OPTIMIZATION_LEVEL = 0;
				GCC_PREPROCESSOR_DEFINITIONS = (
					"DEBUG=1",
					"$(inherited)",
				);
				GCC_WARN_64_TO_32_BIT_CONVERSION = YES;
				GCC_WARN_ABOUT_RETURN_TYPE = YES_ERROR;
				GCC_WARN_UNDECLARED_SELECTOR = YES;
				GCC_WARN_UNINITIALIZED_AUTOS = YES_AGGRESSIVE;
				GCC_WARN_UNUSED_FUNCTION = YES;
				GCC_WARN_UNUSED_VARIABLE = YES;
				IPHONEOS_DEPLOYMENT_TARGET = 16.4;
				MTL_ENABLE_DEBUG_INFO = INCLUDE_SOURCE;
				MTL_FAST_MATH = YES;
				ONLY_ACTIVE_ARCH = YES;
				SDKROOT = iphoneos;
				SWIFT_ACTIVE_COMPILATION_CONDITIONS = DEBUG;
				SWIFT_OPTIMIZATION_LEVEL = "-Onone";
			};
			name = Debug;
		};
		F7B18E4A2ABEE91800EBD346 /* Release */ = {
			isa = XCBuildConfiguration;
			buildSettings = {
				ALWAYS_SEARCH_USER_PATHS = NO;
				CLANG_ANALYZER_NONNULL = YES;
				CLANG_ANALYZER_NUMBER_OBJECT_CONVERSION = YES_AGGRESSIVE;
				CLANG_CXX_LANGUAGE_STANDARD = "gnu++20";
				CLANG_ENABLE_MODULES = YES;
				CLANG_ENABLE_OBJC_ARC = YES;
				CLANG_ENABLE_OBJC_WEAK = YES;
				CLANG_WARN_BLOCK_CAPTURE_AUTORELEASING = YES;
				CLANG_WARN_BOOL_CONVERSION = YES;
				CLANG_WARN_COMMA = YES;
				CLANG_WARN_CONSTANT_CONVERSION = YES;
				CLANG_WARN_DEPRECATED_OBJC_IMPLEMENTATIONS = YES;
				CLANG_WARN_DIRECT_OBJC_ISA_USAGE = YES_ERROR;
				CLANG_WARN_DOCUMENTATION_COMMENTS = YES;
				CLANG_WARN_EMPTY_BODY = YES;
				CLANG_WARN_ENUM_CONVERSION = YES;
				CLANG_WARN_INFINITE_RECURSION = YES;
				CLANG_WARN_INT_CONVERSION = YES;
				CLANG_WARN_NON_LITERAL_NULL_CONVERSION = YES;
				CLANG_WARN_OBJC_IMPLICIT_RETAIN_SELF = YES;
				CLANG_WARN_OBJC_LITERAL_CONVERSION = YES;
				CLANG_WARN_OBJC_ROOT_CLASS = YES_ERROR;
				CLANG_WARN_QUOTED_INCLUDE_IN_FRAMEWORK_HEADER = YES;
				CLANG_WARN_RANGE_LOOP_ANALYSIS = YES;
				CLANG_WARN_STRICT_PROTOTYPES = YES;
				CLANG_WARN_SUSPICIOUS_MOVE = YES;
				CLANG_WARN_UNGUARDED_AVAILABILITY = YES_AGGRESSIVE;
				CLANG_WARN_UNREACHABLE_CODE = YES;
				CLANG_WARN__DUPLICATE_METHOD_MATCH = YES;
				COPY_PHASE_STRIP = NO;
				DEBUG_INFORMATION_FORMAT = "dwarf-with-dsym";
				ENABLE_NS_ASSERTIONS = NO;
				ENABLE_STRICT_OBJC_MSGSEND = YES;
				GCC_C_LANGUAGE_STANDARD = gnu11;
				GCC_NO_COMMON_BLOCKS = YES;
				GCC_WARN_64_TO_32_BIT_CONVERSION = YES;
				GCC_WARN_ABOUT_RETURN_TYPE = YES_ERROR;
				GCC_WARN_UNDECLARED_SELECTOR = YES;
				GCC_WARN_UNINITIALIZED_AUTOS = YES_AGGRESSIVE;
				GCC_WARN_UNUSED_FUNCTION = YES;
				GCC_WARN_UNUSED_VARIABLE = YES;
				IPHONEOS_DEPLOYMENT_TARGET = 16.4;
				MTL_ENABLE_DEBUG_INFO = NO;
				MTL_FAST_MATH = YES;
				SDKROOT = iphoneos;
				SWIFT_COMPILATION_MODE = wholemodule;
				SWIFT_OPTIMIZATION_LEVEL = "-O";
				VALIDATE_PRODUCT = YES;
			};
			name = Release;
		};
		F7B18E4C2ABEE91800EBD346 /* Debug */ = {
			isa = XCBuildConfiguration;
			baseConfigurationReference = 4FB8A11860FA646BDCC86403 /* Pods-Moment.debug.xcconfig */;
			buildSettings = {
				ASSETCATALOG_COMPILER_APPICON_NAME = AppIcon;
				ASSETCATALOG_COMPILER_GLOBAL_ACCENT_COLOR_NAME = AccentColor;
				CODE_SIGN_STYLE = Automatic;
				CURRENT_PROJECT_VERSION = 1;
				DEVELOPMENT_TEAM = 22496L8ZUC;
				GENERATE_INFOPLIST_FILE = YES;
				INFOPLIST_FILE = Moment/Resources/Info.plist;
				INFOPLIST_KEY_LSApplicationCategoryType = "public.app-category.lifestyle";
				INFOPLIST_KEY_UIApplicationSupportsIndirectInputEvents = YES;
				INFOPLIST_KEY_UILaunchStoryboardName = LaunchScreen;
				INFOPLIST_KEY_UISupportedInterfaceOrientations = UIInterfaceOrientationPortrait;
				INFOPLIST_KEY_UISupportedInterfaceOrientations_iPad = "UIInterfaceOrientationLandscapeLeft UIInterfaceOrientationLandscapeRight UIInterfaceOrientationPortrait UIInterfaceOrientationPortraitUpsideDown";
				IPHONEOS_DEPLOYMENT_TARGET = 15.0;
				LD_RUNPATH_SEARCH_PATHS = (
					"$(inherited)",
					"@executable_path/Frameworks",
				);
				MARKETING_VERSION = 1.0;
				PRODUCT_BUNDLE_IDENTIFIER = glebmaryaskin.Moment;
				PRODUCT_NAME = "$(TARGET_NAME)";
				SUPPORTED_PLATFORMS = "iphoneos iphonesimulator";
				SUPPORTS_MACCATALYST = NO;
				SUPPORTS_MAC_DESIGNED_FOR_IPHONE_IPAD = NO;
				SWIFT_EMIT_LOC_STRINGS = YES;
				SWIFT_VERSION = 5.0;
				TARGETED_DEVICE_FAMILY = 1;
			};
			name = Debug;
		};
		F7B18E4D2ABEE91800EBD346 /* Release */ = {
			isa = XCBuildConfiguration;
			baseConfigurationReference = 6763A88A5C85516183F3E500 /* Pods-Moment.release.xcconfig */;
			buildSettings = {
				ASSETCATALOG_COMPILER_APPICON_NAME = AppIcon;
				ASSETCATALOG_COMPILER_GLOBAL_ACCENT_COLOR_NAME = AccentColor;
				CODE_SIGN_STYLE = Automatic;
				CURRENT_PROJECT_VERSION = 1;
				DEVELOPMENT_TEAM = 22496L8ZUC;
				GENERATE_INFOPLIST_FILE = YES;
				INFOPLIST_FILE = Moment/Resources/Info.plist;
				INFOPLIST_KEY_LSApplicationCategoryType = "public.app-category.lifestyle";
				INFOPLIST_KEY_UIApplicationSupportsIndirectInputEvents = YES;
				INFOPLIST_KEY_UILaunchStoryboardName = LaunchScreen;
				INFOPLIST_KEY_UISupportedInterfaceOrientations = UIInterfaceOrientationPortrait;
				INFOPLIST_KEY_UISupportedInterfaceOrientations_iPad = "UIInterfaceOrientationLandscapeLeft UIInterfaceOrientationLandscapeRight UIInterfaceOrientationPortrait UIInterfaceOrientationPortraitUpsideDown";
				IPHONEOS_DEPLOYMENT_TARGET = 15.0;
				LD_RUNPATH_SEARCH_PATHS = (
					"$(inherited)",
					"@executable_path/Frameworks",
				);
				MARKETING_VERSION = 1.0;
				PRODUCT_BUNDLE_IDENTIFIER = glebmaryaskin.Moment;
				PRODUCT_NAME = "$(TARGET_NAME)";
				SUPPORTED_PLATFORMS = "iphoneos iphonesimulator";
				SUPPORTS_MACCATALYST = NO;
				SUPPORTS_MAC_DESIGNED_FOR_IPHONE_IPAD = NO;
				SWIFT_EMIT_LOC_STRINGS = YES;
				SWIFT_VERSION = 5.0;
				TARGETED_DEVICE_FAMILY = 1;
			};
			name = Release;
		};
/* End XCBuildConfiguration section */

/* Begin XCConfigurationList section */
		F7B18E322ABEE91600EBD346 /* Build configuration list for PBXProject "Moment" */ = {
			isa = XCConfigurationList;
			buildConfigurations = (
				F7B18E492ABEE91800EBD346 /* Debug */,
				F7B18E4A2ABEE91800EBD346 /* Release */,
			);
			defaultConfigurationIsVisible = 0;
			defaultConfigurationName = Release;
		};
		F7B18E4B2ABEE91800EBD346 /* Build configuration list for PBXNativeTarget "Moment" */ = {
			isa = XCConfigurationList;
			buildConfigurations = (
				F7B18E4C2ABEE91800EBD346 /* Debug */,
				F7B18E4D2ABEE91800EBD346 /* Release */,
			);
			defaultConfigurationIsVisible = 0;
			defaultConfigurationName = Release;
		};
/* End XCConfigurationList section */

/* Begin XCRemoteSwiftPackageReference section */
		F75E5E602AE55D05002E54CE /* XCRemoteSwiftPackageReference "Alamofire" */ = {
			isa = XCRemoteSwiftPackageReference;
			repositoryURL = "https://github.com/Alamofire/Alamofire";
			requirement = {
				kind = upToNextMajorVersion;
				minimumVersion = 5.8.0;
			};
		};
		F75E5E782AE67AFD002E54CE /* XCRemoteSwiftPackageReference "R" */ = {
			isa = XCRemoteSwiftPackageReference;
			repositoryURL = "https://github.com/mac-cain13/R.swift";
			requirement = {
				kind = upToNextMajorVersion;
				minimumVersion = 7.4.0;
			};
		};
/* End XCRemoteSwiftPackageReference section */

/* Begin XCSwiftPackageProductDependency section */
		F75E5E612AE55D05002E54CE /* Alamofire */ = {
			isa = XCSwiftPackageProductDependency;
			package = F75E5E602AE55D05002E54CE /* XCRemoteSwiftPackageReference "Alamofire" */;
			productName = Alamofire;
		};
		F75E5E792AE67AFD002E54CE /* RswiftLibrary */ = {
			isa = XCSwiftPackageProductDependency;
			package = F75E5E782AE67AFD002E54CE /* XCRemoteSwiftPackageReference "R" */;
			productName = RswiftLibrary;
		};
		F75E5E7B2AE67AFD002E54CE /* rswift */ = {
			isa = XCSwiftPackageProductDependency;
			package = F75E5E782AE67AFD002E54CE /* XCRemoteSwiftPackageReference "R" */;
			productName = rswift;
		};
		F75E5E7E2AE67B4A002E54CE /* RswiftLibrary */ = {
			isa = XCSwiftPackageProductDependency;
			package = F75E5E782AE67AFD002E54CE /* XCRemoteSwiftPackageReference "R" */;
			productName = RswiftLibrary;
		};
		F75E5E802AE67B4A002E54CE /* rswift */ = {
			isa = XCSwiftPackageProductDependency;
			package = F75E5E782AE67AFD002E54CE /* XCRemoteSwiftPackageReference "R" */;
			productName = rswift;
		};
		F75E5E832AE67BA7002E54CE /* RswiftGenerateInternalResources */ = {
			isa = XCSwiftPackageProductDependency;
			productName = "plugin:RswiftGenerateInternalResources";
		};
/* End XCSwiftPackageProductDependency section */
	};
	rootObject = F7B18E2F2ABEE91600EBD346 /* Project object */;
}
